
Microsoft Visual Studio Solution File, Format Version 12.00
# Visual Studio Version 17
VisualStudioVersion = 17.11.35208.52
MinimumVisualStudioVersion = 10.0.40219.1
Project("{FAE04EC0-301F-11D3-BF4B-00C04F79EFBC}") = "Exercicio01", "Exercicio01.csproj", "{2CB74D6A-A405-4F47-BE4B-966A3DD97F39}"
EndProject
Global
	GlobalSection(SolutionConfigurationPlatforms) = preSolution
		Debug|Any CPU = Debug|Any CPU
		Release|Any CPU = Release|Any CPU
	EndGlobalSection
	GlobalSection(ProjectConfigurationPlatforms) = postSolution
		{2CB74D6A-A405-4F47-BE4B-966A3DD97F39}.Debug|Any CPU.ActiveCfg = Debug|Any CPU
		{2CB74D6A-A405-4F47-BE4B-966A3DD97F39}.Debug|Any CPU.Build.0 = Debug|Any CPU
		{2CB74D6A-A405-4F47-BE4B-966A3DD97F39}.Release|Any CPU.ActiveCfg = Release|Any CPU
		{2CB74D6A-A405-4F47-BE4B-966A3DD97F39}.Release|Any CPU.Build.0 = Release|Any CPU
	EndGlobalSection
	GlobalSection(SolutionProperties) = preSolution
		HideSolutionNode = FALSE
	EndGlobalSection
	GlobalSection(ExtensibilityGlobals) = postSolution
		SolutionGuid = {F15D76AC-40B8-4A5D-AA9F-4AAC18DA3E03}
	EndGlobalSection
EndGlobal
